// !$*UTF8*$!
{
	archiveVersion = 1;
	classes = {
	};
	objectVersion = 50;
	objects = {

/* Begin PBXBuildFile section */
		4A12E714241AEA5B007E7D1B /* AppDelegate.swift in Sources */ = {isa = PBXBuildFile; fileRef = 4A12E713241AEA5B007E7D1B /* AppDelegate.swift */; };
		4A12E716241AEA5B007E7D1B /* SceneDelegate.swift in Sources */ = {isa = PBXBuildFile; fileRef = 4A12E715241AEA5B007E7D1B /* SceneDelegate.swift */; };
		4A12E718241AEA5B007E7D1B /* ViewController.swift in Sources */ = {isa = PBXBuildFile; fileRef = 4A12E717241AEA5B007E7D1B /* ViewController.swift */; };
		4A12E71B241AEA5B007E7D1B /* Main.storyboard in Resources */ = {isa = PBXBuildFile; fileRef = 4A12E719241AEA5B007E7D1B /* Main.storyboard */; };
		4A12E71D241AEA5D007E7D1B /* Assets.xcassets in Resources */ = {isa = PBXBuildFile; fileRef = 4A12E71C241AEA5D007E7D1B /* Assets.xcassets */; };
		4A12E720241AEA5D007E7D1B /* LaunchScreen.storyboard in Resources */ = {isa = PBXBuildFile; fileRef = 4A12E71E241AEA5D007E7D1B /* LaunchScreen.storyboard */; };
		4A12E72B241AEA5D007E7D1B /* CategoriesTests.swift in Sources */ = {isa = PBXBuildFile; fileRef = 4A12E72A241AEA5D007E7D1B /* CategoriesTests.swift */; };
/* End PBXBuildFile section */

/* Begin PBXContainerItemProxy section */
		4A12E727241AEA5D007E7D1B /* PBXContainerItemProxy */ = {
			isa = PBXContainerItemProxy;
			containerPortal = 4A12E708241AEA5B007E7D1B /* Project object */;
			proxyType = 1;
			remoteGlobalIDString = 4A12E70F241AEA5B007E7D1B;
			remoteInfo = Categories;
		};
/* End PBXContainerItemProxy section */

/* Begin PBXFileReference section */
		4A12E710241AEA5B007E7D1B /* Categories.app */ = {isa = PBXFileReference; explicitFileType = wrapper.application; includeInIndex = 0; path = Categories.app; sourceTree = BUILT_PRODUCTS_DIR; };
		4A12E713241AEA5B007E7D1B /* AppDelegate.swift */ = {isa = PBXFileReference; lastKnownFileType = sourcecode.swift; path = AppDelegate.swift; sourceTree = "<group>"; };
		4A12E715241AEA5B007E7D1B /* SceneDelegate.swift */ = {isa = PBXFileReference; lastKnownFileType = sourcecode.swift; path = SceneDelegate.swift; sourceTree = "<group>"; };
		4A12E717241AEA5B007E7D1B /* ViewController.swift */ = {isa = PBXFileReference; lastKnownFileType = sourcecode.swift; path = ViewController.swift; sourceTree = "<group>"; };
		4A12E71A241AEA5B007E7D1B /* Base */ = {isa = PBXFileReference; lastKnownFileType = file.storyboard; name = Base; path = Base.lproj/Main.storyboard; sourceTree = "<group>"; };
		4A12E71C241AEA5D007E7D1B /* Assets.xcassets */ = {isa = PBXFileReference; lastKnownFileType = folder.assetcatalog; path = Assets.xcassets; sourceTree = "<group>"; };
		4A12E71F241AEA5D007E7D1B /* Base */ = {isa = PBXFileReference; lastKnownFileType = file.storyboard; name = Base; path = Base.lproj/LaunchScreen.storyboard; sourceTree = "<group>"; };
		4A12E721241AEA5D007E7D1B /* Info.plist */ = {isa = PBXFileReference; lastKnownFileType = text.plist.xml; path = Info.plist; sourceTree = "<group>"; };
		4A12E726241AEA5D007E7D1B /* CategoriesTests.xctest */ = {isa = PBXFileReference; explicitFileType = wrapper.cfbundle; includeInIndex = 0; path = CategoriesTests.xctest; sourceTree = BUILT_PRODUCTS_DIR; };
		4A12E72A241AEA5D007E7D1B /* CategoriesTests.swift */ = {isa = PBXFileReference; lastKnownFileType = sourcecode.swift; path = CategoriesTests.swift; sourceTree = "<group>"; };
		4A12E72C241AEA5D007E7D1B /* Info.plist */ = {isa = PBXFileReference; lastKnownFileType = text.plist.xml; path = Info.plist; sourceTree = "<group>"; };
/* End PBXFileReference section */

/* Begin PBXFrameworksBuildPhase section */
		4A12E70D241AEA5B007E7D1B /* Frameworks */ = {
			isa = PBXFrameworksBuildPhase;
			buildActionMask = 2147483647;
			files = (
			);
			runOnlyForDeploymentPostprocessing = 0;
		};
		4A12E723241AEA5D007E7D1B /* Frameworks */ = {
			isa = PBXFrameworksBuildPhase;
			buildActionMask = 2147483647;
			files = (
			);
			runOnlyForDeploymentPostprocessing = 0;
		};
/* End PBXFrameworksBuildPhase section */

/* Begin PBXGroup section */
		4A12E707241AEA5B007E7D1B = {
			isa = PBXGroup;
			children = (
				4A12E712241AEA5B007E7D1B /* Categories */,
				4A12E729241AEA5D007E7D1B /* CategoriesTests */,
				4A12E711241AEA5B007E7D1B /* Products */,
			);
			sourceTree = "<group>";
		};
		4A12E711241AEA5B007E7D1B /* Products */ = {
			isa = PBXGroup;
			children = (
				4A12E710241AEA5B007E7D1B /* Categories.app */,
				4A12E726241AEA5D007E7D1B /* CategoriesTests.xctest */,
			);
			name = Products;
			sourceTree = "<group>";
		};
		4A12E712241AEA5B007E7D1B /* Categories */ = {
			isa = PBXGroup;
			children = (
				4A12E713241AEA5B007E7D1B /* AppDelegate.swift */,
				4A12E715241AEA5B007E7D1B /* SceneDelegate.swift */,
				4A12E717241AEA5B007E7D1B /* ViewController.swift */,
				4A12E719241AEA5B007E7D1B /* Main.storyboard */,
				4A12E71C241AEA5D007E7D1B /* Assets.xcassets */,
				4A12E71E241AEA5D007E7D1B /* LaunchScreen.storyboard */,
				4A12E721241AEA5D007E7D1B /* Info.plist */,
			);
			path = Categories;
			sourceTree = "<group>";
		};
		4A12E729241AEA5D007E7D1B /* CategoriesTests */ = {
			isa = PBXGroup;
			children = (
				4A12E72A241AEA5D007E7D1B /* CategoriesTests.swift */,
				4A12E72C241AEA5D007E7D1B /* Info.plist */,
			);
			path = CategoriesTests;
			sourceTree = "<group>";
		};
/* End PBXGroup section */

/* Begin PBXNativeTarget section */
		4A12E70F241AEA5B007E7D1B /* Categories */ = {
			isa = PBXNativeTarget;
			buildConfigurationList = 4A12E72F241AEA5D007E7D1B /* Build configuration list for PBXNativeTarget "Categories" */;
			buildPhases = (
				4A12E70C241AEA5B007E7D1B /* Sources */,
				4A12E70D241AEA5B007E7D1B /* Frameworks */,
				4A12E70E241AEA5B007E7D1B /* Resources */,
			);
			buildRules = (
			);
			dependencies = (
			);
			name = Categories;
			productName = Categories;
			productReference = 4A12E710241AEA5B007E7D1B /* Categories.app */;
			productType = "com.apple.product-type.application";
		};
		4A12E725241AEA5D007E7D1B /* CategoriesTests */ = {
			isa = PBXNativeTarget;
			buildConfigurationList = 4A12E732241AEA5D007E7D1B /* Build configuration list for PBXNativeTarget "CategoriesTests" */;
			buildPhases = (
				4A12E722241AEA5D007E7D1B /* Sources */,
				4A12E723241AEA5D007E7D1B /* Frameworks */,
				4A12E724241AEA5D007E7D1B /* Resources */,
			);
			buildRules = (
			);
			dependencies = (
				4A12E728241AEA5D007E7D1B /* PBXTargetDependency */,
			);
			name = CategoriesTests;
			productName = CategoriesTests;
			productReference = 4A12E726241AEA5D007E7D1B /* CategoriesTests.xctest */;
			productType = "com.apple.product-type.bundle.unit-test";
		};
/* End PBXNativeTarget section */

/* Begin PBXProject section */
		4A12E708241AEA5B007E7D1B /* Project object */ = {
			isa = PBXProject;
			attributes = {
				LastSwiftUpdateCheck = 1130;
				LastUpgradeCheck = 1130;
				ORGANIZATIONNAME = "Ivan Llopis Guardado";
				TargetAttributes = {
					4A12E70F241AEA5B007E7D1B = {
						CreatedOnToolsVersion = 11.3.1;
					};
					4A12E725241AEA5D007E7D1B = {
						CreatedOnToolsVersion = 11.3.1;
						TestTargetID = 4A12E70F241AEA5B007E7D1B;
					};
				};
			};
			buildConfigurationList = 4A12E70B241AEA5B007E7D1B /* Build configuration list for PBXProject "Categories" */;
			compatibilityVersion = "Xcode 9.3";
			developmentRegion = en;
			hasScannedForEncodings = 0;
			knownRegions = (
				en,
				Base,
			);
			mainGroup = 4A12E707241AEA5B007E7D1B;
			productRefGroup = 4A12E711241AEA5B007E7D1B /* Products */;
			projectDirPath = "";
			projectRoot = "";
			targets = (
				4A12E70F241AEA5B007E7D1B /* Categories */,
				4A12E725241AEA5D007E7D1B /* CategoriesTests */,
			);
		};
/* End PBXProject section */

/* Begin PBXResourcesBuildPhase section */
		4A12E70E241AEA5B007E7D1B /* Resources */ = {
			isa = PBXResourcesBuildPhase;
			buildActionMask = 2147483647;
			files = (
				4A12E720241AEA5D007E7D1B /* LaunchScreen.storyboard in Resources */,
				4A12E71D241AEA5D007E7D1B /* Assets.xcassets in Resources */,
				4A12E71B241AEA5B007E7D1B /* Main.storyboard in Resources */,
			);
			runOnlyForDeploymentPostprocessing = 0;
		};
		4A12E724241AEA5D007E7D1B /* Resources */ = {
			isa = PBXResourcesBuildPhase;
			buildActionMask = 2147483647;
			files = (
			);
			runOnlyForDeploymentPostprocessing = 0;
		};
/* End PBXResourcesBuildPhase section */

/* Begin PBXSourcesBuildPhase section */
		4A12E70C241AEA5B007E7D1B /* Sources */ = {
			isa = PBXSourcesBuildPhase;
			buildActionMask = 2147483647;
			files = (
				4A12E718241AEA5B007E7D1B /* ViewController.swift in Sources */,
				4A12E714241AEA5B007E7D1B /* AppDelegate.swift in Sources */,
				4A12E716241AEA5B007E7D1B /* SceneDelegate.swift in Sources */,
			);
			runOnlyForDeploymentPostprocessing = 0;
		};
		4A12E722241AEA5D007E7D1B /* Sources */ = {
			isa = PBXSourcesBuildPhase;
			buildActionMask = 2147483647;
			files = (
				4A12E72B241AEA5D007E7D1B /* CategoriesTests.swift in Sources */,
			);
			runOnlyForDeploymentPostprocessing = 0;
		};
/* End PBXSourcesBuildPhase section */

/* Begin PBXTargetDependency section */
		4A12E728241AEA5D007E7D1B /* PBXTargetDependency */ = {
			isa = PBXTargetDependency;
			target = 4A12E70F241AEA5B007E7D1B /* Categories */;
			targetProxy = 4A12E727241AEA5D007E7D1B /* PBXContainerItemProxy */;
		};
/* End PBXTargetDependency section */

/* Begin PBXVariantGroup section */
		4A12E719241AEA5B007E7D1B /* Main.storyboard */ = {
			isa = PBXVariantGroup;
			children = (
				4A12E71A241AEA5B007E7D1B /* Base */,
			);
			name = Main.storyboard;
			sourceTree = "<group>";
		};
		4A12E71E241AEA5D007E7D1B /* LaunchScreen.storyboard */ = {
			isa = PBXVariantGroup;
			children = (
				4A12E71F241AEA5D007E7D1B /* Base */,
			);
			name = LaunchScreen.storyboard;
			sourceTree = "<group>";
		};
/* End PBXVariantGroup section */

/* Begin XCBuildConfiguration section */
		4A12E72D241AEA5D007E7D1B /* Debug */ = {
			isa = XCBuildConfiguration;
			buildSettings = {
				ALWAYS_SEARCH_USER_PATHS = NO;
				CLANG_ANALYZER_NONNULL = YES;
				CLANG_ANALYZER_NUMBER_OBJECT_CONVERSION = YES_AGGRESSIVE;
				CLANG_CXX_LANGUAGE_STANDARD = "gnu++14";
				CLANG_CXX_LIBRARY = "libc++";
				CLANG_ENABLE_MODULES = YES;
				CLANG_ENABLE_OBJC_ARC = YES;
				CLANG_ENABLE_OBJC_WEAK = YES;
				CLANG_WARN_BLOCK_CAPTURE_AUTORELEASING = YES;
				CLANG_WARN_BOOL_CONVERSION = YES;
				CLANG_WARN_COMMA = YES;
				CLANG_WARN_CONSTANT_CONVERSION = YES;
				CLANG_WARN_DEPRECATED_OBJC_IMPLEMENTATIONS = YES;
				CLANG_WARN_DIRECT_OBJC_ISA_USAGE = YES_ERROR;
				CLANG_WARN_DOCUMENTATION_COMMENTS = YES;
				CLANG_WARN_EMPTY_BODY = YES;
				CLANG_WARN_ENUM_CONVERSION = YES;
				CLANG_WARN_INFINITE_RECURSION = YES;
				CLANG_WARN_INT_CONVERSION = YES;
				CLANG_WARN_NON_LITERAL_NULL_CONVERSION = YES;
				CLANG_WARN_OBJC_IMPLICIT_RETAIN_SELF = YES;
				CLANG_WARN_OBJC_LITERAL_CONVERSION = YES;
				CLANG_WARN_OBJC_ROOT_CLASS = YES_ERROR;
				CLANG_WARN_RANGE_LOOP_ANALYSIS = YES;
				CLANG_WARN_STRICT_PROTOTYPES = YES;
				CLANG_WARN_SUSPICIOUS_MOVE = YES;
				CLANG_WARN_UNGUARDED_AVAILABILITY = YES_AGGRESSIVE;
				CLANG_WARN_UNREACHABLE_CODE = YES;
				CLANG_WARN__DUPLICATE_METHOD_MATCH = YES;
				COPY_PHASE_STRIP = NO;
				DEBUG_INFORMATION_FORMAT = dwarf;
				ENABLE_STRICT_OBJC_MSGSEND = YES;
				ENABLE_TESTABILITY = YES;
				GCC_C_LANGUAGE_STANDARD = gnu11;
				GCC_DYNAMIC_NO_PIC = NO;
				GCC_NO_COMMON_BLOCKS = YES;
				GCC_OPTIMIZATION_LEVEL = 0;
				GCC_PREPROCESSOR_DEFINITIONS = (
					"DEBUG=1",
					"$(inherited)",
				);
				GCC_WARN_64_TO_32_BIT_CONVERSION = YES;
				GCC_WARN_ABOUT_RETURN_TYPE = YES_ERROR;
				GCC_WARN_UNDECLARED_SELECTOR = YES;
				GCC_WARN_UNINITIALIZED_AUTOS = YES_AGGRESSIVE;
				GCC_WARN_UNUSED_FUNCTION = YES;
				GCC_WARN_UNUSED_VARIABLE = YES;
				IPHONEOS_DEPLOYMENT_TARGET = 13.2;
				MTL_ENABLE_DEBUG_INFO = INCLUDE_SOURCE;
				MTL_FAST_MATH = YES;
				ONLY_ACTIVE_ARCH = YES;
				SDKROOT = iphoneos;
				SWIFT_ACTIVE_COMPILATION_CONDITIONS = DEBUG;
				SWIFT_OPTIMIZATION_LEVEL = "-Onone";
			};
			name = Debug;
		};
		4A12E72E241AEA5D007E7D1B /* Release */ = {
			isa = XCBuildConfiguration;
			buildSettings = {
				ALWAYS_SEARCH_USER_PATHS = NO;
				CLANG_ANALYZER_NONNULL = YES;
				CLANG_ANALYZER_NUMBER_OBJECT_CONVERSION = YES_AGGRESSIVE;
				CLANG_CXX_LANGUAGE_STANDARD = "gnu++14";
				CLANG_CXX_LIBRARY = "libc++";
				CLANG_ENABLE_MODULES = YES;
				CLANG_ENABLE_OBJC_ARC = YES;
				CLANG_ENABLE_OBJC_WEAK = YES;
				CLANG_WARN_BLOCK_CAPTURE_AUTORELEASING = YES;
				CLANG_WARN_BOOL_CONVERSION = YES;
				CLANG_WARN_COMMA = YES;
				CLANG_WARN_CONSTANT_CONVERSION = YES;
				CLANG_WARN_DEPRECATED_OBJC_IMPLEMENTATIONS = YES;
				CLANG_WARN_DIRECT_OBJC_ISA_USAGE = YES_ERROR;
				CLANG_WARN_DOCUMENTATION_COMMENTS = YES;
				CLANG_WARN_EMPTY_BODY = YES;
				CLANG_WARN_ENUM_CONVERSION = YES;
				CLANG_WARN_INFINITE_RECURSION = YES;
				CLANG_WARN_INT_CONVERSION = YES;
				CLANG_WARN_NON_LITERAL_NULL_CONVERSION = YES;
				CLANG_WARN_OBJC_IMPLICIT_RETAIN_SELF = YES;
				CLANG_WARN_OBJC_LITERAL_CONVERSION = YES;
				CLANG_WARN_OBJC_ROOT_CLASS = YES_ERROR;
				CLANG_WARN_RANGE_LOOP_ANALYSIS = YES;
				CLANG_WARN_STRICT_PROTOTYPES = YES;
				CLANG_WARN_SUSPICIOUS_MOVE = YES;
				CLANG_WARN_UNGUARDED_AVAILABILITY = YES_AGGRESSIVE;
				CLANG_WARN_UNREACHABLE_CODE = YES;
				CLANG_WARN__DUPLICATE_METHOD_MATCH = YES;
				COPY_PHASE_STRIP = NO;
				DEBUG_INFORMATION_FORMAT = "dwarf-with-dsym";
				ENABLE_NS_ASSERTIONS = NO;
				ENABLE_STRICT_OBJC_MSGSEND = YES;
				GCC_C_LANGUAGE_STANDARD = gnu11;
				GCC_NO_COMMON_BLOCKS = YES;
				GCC_WARN_64_TO_32_BIT_CONVERSION = YES;
				GCC_WARN_ABOUT_RETURN_TYPE = YES_ERROR;
				GCC_WARN_UNDECLARED_SELECTOR = YES;
				GCC_WARN_UNINITIALIZED_AUTOS = YES_AGGRESSIVE;
				GCC_WARN_UNUSED_FUNCTION = YES;
				GCC_WARN_UNUSED_VARIABLE = YES;
				IPHONEOS_DEPLOYMENT_TARGET = 13.2;
				MTL_ENABLE_DEBUG_INFO = NO;
				MTL_FAST_MATH = YES;
				SDKROOT = iphoneos;
				SWIFT_COMPILATION_MODE = wholemodule;
				SWIFT_OPTIMIZATION_LEVEL = "-O";
				VALIDATE_PRODUCT = YES;
			};
			name = Release;
		};
		4A12E730241AEA5D007E7D1B /* Debug */ = {
			isa = XCBuildConfiguration;
			buildSettings = {
				ASSETCATALOG_COMPILER_APPICON_NAME = AppIcon;
				CODE_SIGN_STYLE = Automatic;
				DEVELOPMENT_TEAM = X9SDP4L247;
				INFOPLIST_FILE = Categories/Info.plist;
				LD_RUNPATH_SEARCH_PATHS = (
					"$(inherited)",
					"@executable_path/Frameworks",
				);
				PRODUCT_BUNDLE_IDENTIFIER = com.ivanllopis.Categories;
				PRODUCT_NAME = "$(TARGET_NAME)";
				SWIFT_VERSION = 5.0;
				TARGETED_DEVICE_FAMILY = "1,2";
			};
			name = Debug;
		};
		4A12E731241AEA5D007E7D1B /* Release */ = {
			isa = XCBuildConfiguration;
			buildSettings = {
				ASSETCATALOG_COMPILER_APPICON_NAME = AppIcon;
				CODE_SIGN_STYLE = Automatic;
				DEVELOPMENT_TEAM = X9SDP4L247;
				INFOPLIST_FILE = Categories/Info.plist;
				LD_RUNPATH_SEARCH_PATHS = (
					"$(inherited)",
					"@executable_path/Frameworks",
				);
				PRODUCT_BUNDLE_IDENTIFIER = com.ivanllopis.Categories;
				PRODUCT_NAME = "$(TARGET_NAME)";
				SWIFT_VERSION = 5.0;
				TARGETED_DEVICE_FAMILY = "1,2";
			};
			name = Release;
		};
		4A12E733241AEA5D007E7D1B /* Debug */ = {
			isa = XCBuildConfiguration;
			buildSettings = {
				ALWAYS_EMBED_SWIFT_STANDARD_LIBRARIES = YES;
				BUNDLE_LOADER = "$(TEST_HOST)";
				CODE_SIGN_STYLE = Automatic;
				DEVELOPMENT_TEAM = X9SDP4L247;
				INFOPLIST_FILE = CategoriesTests/Info.plist;
				IPHONEOS_DEPLOYMENT_TARGET = 13.2;
				LD_RUNPATH_SEARCH_PATHS = (
					"$(inherited)",
					"@executable_path/Frameworks",
					"@loader_path/Frameworks",
				);
				PRODUCT_BUNDLE_IDENTIFIER = com.ivanllopis.CategoriesTests;
				PRODUCT_NAME = "$(TARGET_NAME)";
				SWIFT_VERSION = 5.0;
				TARGETED_DEVICE_FAMILY = "1,2";
				TEST_HOST = "$(BUILT_PRODUCTS_DIR)/Categories.app/Categories";
			};
			name = Debug;
		};
		4A12E734241AEA5D007E7D1B /* Release */ = {
			isa = XCBuildConfiguration;
			buildSettings = {
				ALWAYS_EMBED_SWIFT_STANDARD_LIBRARIES = YES;
				BUNDLE_LOADER = "$(TEST_HOST)";
				CODE_SIGN_STYLE = Automatic;
				DEVELOPMENT_TEAM = X9SDP4L247;
				INFOPLIST_FILE = CategoriesTests/Info.plist;
				IPHONEOS_DEPLOYMENT_TARGET = 13.2;
				LD_RUNPATH_SEARCH_PATHS = (
					"$(inherited)",
					"@executable_path/Frameworks",
					"@loader_path/Frameworks",
				);
				PRODUCT_BUNDLE_IDENTIFIER = com.ivanllopis.CategoriesTests;
				PRODUCT_NAME = "$(TARGET_NAME)";
				SWIFT_VERSION = 5.0;
				TARGETED_DEVICE_FAMILY = "1,2";
				TEST_HOST = "$(BUILT_PRODUCTS_DIR)/Categories.app/Categories";
			};
			name = Release;
		};
/* End XCBuildConfiguration section */

/* Begin XCConfigurationList section */
		4A12E70B241AEA5B007E7D1B /* Build configuration list for PBXProject "Categories" */ = {
			isa = XCConfigurationList;
			buildConfigurations = (
				4A12E72D241AEA5D007E7D1B /* Debug */,
				4A12E72E241AEA5D007E7D1B /* Release */,
			);
			defaultConfigurationIsVisible = 0;
			defaultConfigurationName = Release;
		};
		4A12E72F241AEA5D007E7D1B /* Build configuration list for PBXNativeTarget "Categories" */ = {
			isa = XCConfigurationList;
			buildConfigurations = (
				4A12E730241AEA5D007E7D1B /* Debug */,
				4A12E731241AEA5D007E7D1B /* Release */,
			);
			defaultConfigurationIsVisible = 0;
			defaultConfigurationName = Release;
		};
		4A12E732241AEA5D007E7D1B /* Build configuration list for PBXNativeTarget "CategoriesTests" */ = {
			isa = XCConfigurationList;
			buildConfigurations = (
				4A12E733241AEA5D007E7D1B /* Debug */,
				4A12E734241AEA5D007E7D1B /* Release */,
			);
			defaultConfigurationIsVisible = 0;
			defaultConfigurationName = Release;
		};
/* End XCConfigurationList section */
	};
	rootObject = 4A12E708241AEA5B007E7D1B /* Project object */;
}
